
Microsoft Visual Studio Solution File, Format Version 10.00
# Visual Studio 2008
Project("{F184B08F-C81C-45F6-A57F-5ABD9991F28F}") = "coverRenamer", "coverRenamer\coverRenamer.vbproj", "{959B8232-AE9C-4E9B-96AB-6B41F66C1D1C}"
EndProject
Global
	GlobalSection(SolutionConfigurationPlatforms) = preSolution
		Debug|Any CPU = Debug|Any CPU
		Release|Any CPU = Release|Any CPU
	EndGlobalSection
	GlobalSection(ProjectConfigurationPlatforms) = postSolution
		{959B8232-AE9C-4E9B-96AB-6B41F66C1D1C}.Debug|Any CPU.ActiveCfg = Debug|Any CPU
		{959B8232-AE9C-4E9B-96AB-6B41F66C1D1C}.Debug|Any CPU.Build.0 = Debug|Any CPU
		{959B8232-AE9C-4E9B-96AB-6B41F66C1D1C}.Release|Any CPU.ActiveCfg = Release|Any CPU
		{959B8232-AE9C-4E9B-96AB-6B41F66C1D1C}.Release|Any CPU.Build.0 = Release|Any CPU
	EndGlobalSection
	GlobalSection(SolutionProperties) = preSolution
		HideSolutionNode = FALSE
	EndGlobalSection
EndGlobal
